
Microsoft Visual Studio Solution File, Format Version 12.00
# Visual Studio 15
Project("{FAE04EC0-301F-11D3-BF4B-00C04F79EFBC}") = "Lab2_postions", "Lab2_postions\Lab2_postions.csproj", "{AAAD97A9-AAA6-4FF4-BBDB-D47B558EB9EA}"
EndProject
Global
	GlobalSection(SolutionConfigurationPlatforms) = preSolution
		Debug|Any CPU = Debug|Any CPU
		Release|Any CPU = Release|Any CPU
	EndGlobalSection
	GlobalSection(ProjectConfigurationPlatforms) = postSolution
		{AAAD97A9-AAA6-4FF4-BBDB-D47B558EB9EA}.Debug|Any CPU.ActiveCfg = Debug|Any CPU
		{AAAD97A9-AAA6-4FF4-BBDB-D47B558EB9EA}.Debug|Any CPU.Build.0 = Debug|Any CPU
		{AAAD97A9-AAA6-4FF4-BBDB-D47B558EB9EA}.Release|Any CPU.ActiveCfg = Release|Any CPU
		{AAAD97A9-AAA6-4FF4-BBDB-D47B558EB9EA}.Release|Any CPU.Build.0 = Release|Any CPU
	EndGlobalSection
EndGlobal
